Microsoft Visual Studio Solution File, Format Version 12.00
# Visual Studio Version 17
VisualStudioVersion = 17.5.2.0
MinimumVisualStudioVersion = 10.0.40219.1
Project("{2150E333-8FDC-42A3-9474-1A3956D46DE8}") = "backend", "backend", "{1AE8ACA6-933B-BF2A-3671-3E2EAC007D16}"
EndProject
Project("{FAE04EC0-301F-11D3-BF4B-00C04F79EFBC}") = "App.Tests", "backend\App.Tests\App.Tests.csproj", "{C8D7B3D2-057F-CE2D-E928-D2A330A5093C}"
EndProject
Project("{FAE04EC0-301F-11D3-BF4B-00C04F79EFBC}") = "App", "backend\App\App.csproj", "{47A4C5B9-CD2C-EBBB-32D0-3F73BF7A470A}"
EndProject
Global
	GlobalSection(SolutionConfigurationPlatforms) = preSolution
		Debug|Any CPU = Debug|Any CPU
		Release|Any CPU = Release|Any CPU
	EndGlobalSection
	GlobalSection(ProjectConfigurationPlatforms) = postSolution
		{C8D7B3D2-057F-CE2D-E928-D2A330A5093C}.Debug|Any CPU.ActiveCfg = Debug|Any CPU
		{C8D7B3D2-057F-CE2D-E928-D2A330A5093C}.Debug|Any CPU.Build.0 = Debug|Any CPU
		{C8D7B3D2-057F-CE2D-E928-D2A330A5093C}.Release|Any CPU.ActiveCfg = Release|Any CPU
		{C8D7B3D2-057F-CE2D-E928-D2A330A5093C}.Release|Any CPU.Build.0 = Release|Any CPU
		{47A4C5B9-CD2C-EBBB-32D0-3F73BF7A470A}.Debug|Any CPU.ActiveCfg = Debug|Any CPU
		{47A4C5B9-CD2C-EBBB-32D0-3F73BF7A470A}.Debug|Any CPU.Build.0 = Debug|Any CPU
		{47A4C5B9-CD2C-EBBB-32D0-3F73BF7A470A}.Release|Any CPU.ActiveCfg = Release|Any CPU
		{47A4C5B9-CD2C-EBBB-32D0-3F73BF7A470A}.Release|Any CPU.Build.0 = Release|Any CPU
	EndGlobalSection
	GlobalSection(SolutionProperties) = preSolution
		HideSolutionNode = FALSE
	EndGlobalSection
	GlobalSection(NestedProjects) = preSolution
		{C8D7B3D2-057F-CE2D-E928-D2A330A5093C} = {1AE8ACA6-933B-BF2A-3671-3E2EAC007D16}
		{47A4C5B9-CD2C-EBBB-32D0-3F73BF7A470A} = {1AE8ACA6-933B-BF2A-3671-3E2EAC007D16}
	EndGlobalSection
	GlobalSection(ExtensibilityGlobals) = postSolution
		SolutionGuid = {47E4A5C3-A0DB-4862-A549-DB9CD008B43C}
	EndGlobalSection
EndGlobal
